
Microsoft Visual Studio Solution File, Format Version 12.00
# Visual Studio 15
VisualStudioVersion = 15.0.26124.0
MinimumVisualStudioVersion = 15.0.26124.0
Project("{2150E333-8FDC-42A3-9474-1A3956D46DE8}") = "src", "src", "{37A29C2B-C3E2-48FC-B5E4-41380598157C}"
EndProject
Project("{6EC3EE1D-3C4E-46DD-8F32-0CC8E7565705}") = "Day1", "src\Day1\Day1.fsproj", "{9BDE33A7-049C-4A2D-9B8F-7C23B1E48A37}"
	ProjectSection(ProjectDependencies) = postProject
		{A0B4E608-38EE-417C-AD30-08B8CE42B65B} = {A0B4E608-38EE-417C-AD30-08B8CE42B65B}
		{867E172C-1ABD-47D0-AE0E-8FF0AEA69A4D} = {867E172C-1ABD-47D0-AE0E-8FF0AEA69A4D}
		{B3ED1757-EF6D-49FD-BFAA-AD70FC7ED8AE} = {B3ED1757-EF6D-49FD-BFAA-AD70FC7ED8AE}
	EndProjectSection
EndProject
Project("{6EC3EE1D-3C4E-46DD-8F32-0CC8E7565705}") = "App", "src\App\App.fsproj", "{F493D424-76DB-4038-8C9E-B6A0886335DC}"
EndProject
Project("{6EC3EE1D-3C4E-46DD-8F32-0CC8E7565705}") = "Day2", "src\Day2\Day2.fsproj", "{B3ED1757-EF6D-49FD-BFAA-AD70FC7ED8AE}"
EndProject
Project("{6EC3EE1D-3C4E-46DD-8F32-0CC8E7565705}") = "Day3", "src\Day3\Day3.fsproj", "{A0B4E608-38EE-417C-AD30-08B8CE42B65B}"
EndProject
Project("{6EC3EE1D-3C4E-46DD-8F32-0CC8E7565705}") = "Day4", "src\Day4\Day4.fsproj", "{867E172C-1ABD-47D0-AE0E-8FF0AEA69A4D}"
EndProject
Project("{F2A71F9B-5D33-465A-A702-920D77279786}") = "Day5", "Day5\Day5.fsproj", "{8D58F6F9-77FA-44F4-B3DF-CF171F742DBC}"
EndProject
Global
	GlobalSection(SolutionConfigurationPlatforms) = preSolution
		Debug|Any CPU = Debug|Any CPU
		Debug|x64 = Debug|x64
		Debug|x86 = Debug|x86
		Release|Any CPU = Release|Any CPU
		Release|x64 = Release|x64
		Release|x86 = Release|x86
	EndGlobalSection
	GlobalSection(ProjectConfigurationPlatforms) = postSolution
		{9BDE33A7-049C-4A2D-9B8F-7C23B1E48A37}.Debug|Any CPU.ActiveCfg = Debug|Any CPU
		{9BDE33A7-049C-4A2D-9B8F-7C23B1E48A37}.Debug|Any CPU.Build.0 = Debug|Any CPU
		{9BDE33A7-049C-4A2D-9B8F-7C23B1E48A37}.Debug|x64.ActiveCfg = Debug|Any CPU
		{9BDE33A7-049C-4A2D-9B8F-7C23B1E48A37}.Debug|x64.Build.0 = Debug|Any CPU
		{9BDE33A7-049C-4A2D-9B8F-7C23B1E48A37}.Debug|x86.ActiveCfg = Debug|Any CPU
		{9BDE33A7-049C-4A2D-9B8F-7C23B1E48A37}.Debug|x86.Build.0 = Debug|Any CPU
		{9BDE33A7-049C-4A2D-9B8F-7C23B1E48A37}.Release|Any CPU.ActiveCfg = Release|Any CPU
		{9BDE33A7-049C-4A2D-9B8F-7C23B1E48A37}.Release|Any CPU.Build.0 = Release|Any CPU
		{9BDE33A7-049C-4A2D-9B8F-7C23B1E48A37}.Release|x64.ActiveCfg = Release|Any CPU
		{9BDE33A7-049C-4A2D-9B8F-7C23B1E48A37}.Release|x64.Build.0 = Release|Any CPU
		{9BDE33A7-049C-4A2D-9B8F-7C23B1E48A37}.Release|x86.ActiveCfg = Release|Any CPU
		{9BDE33A7-049C-4A2D-9B8F-7C23B1E48A37}.Release|x86.Build.0 = Release|Any CPU
		{F493D424-76DB-4038-8C9E-B6A0886335DC}.Debug|Any CPU.ActiveCfg = Debug|Any CPU
		{F493D424-76DB-4038-8C9E-B6A0886335DC}.Debug|Any CPU.Build.0 = Debug|Any CPU
		{F493D424-76DB-4038-8C9E-B6A0886335DC}.Debug|x64.ActiveCfg = Debug|Any CPU
		{F493D424-76DB-4038-8C9E-B6A0886335DC}.Debug|x64.Build.0 = Debug|Any CPU
		{F493D424-76DB-4038-8C9E-B6A0886335DC}.Debug|x86.ActiveCfg = Debug|Any CPU
		{F493D424-76DB-4038-8C9E-B6A0886335DC}.Debug|x86.Build.0 = Debug|Any CPU
		{F493D424-76DB-4038-8C9E-B6A0886335DC}.Release|Any CPU.ActiveCfg = Release|Any CPU
		{F493D424-76DB-4038-8C9E-B6A0886335DC}.Release|Any CPU.Build.0 = Release|Any CPU
		{F493D424-76DB-4038-8C9E-B6A0886335DC}.Release|x64.ActiveCfg = Release|Any CPU
		{F493D424-76DB-4038-8C9E-B6A0886335DC}.Release|x64.Build.0 = Release|Any CPU
		{F493D424-76DB-4038-8C9E-B6A0886335DC}.Release|x86.ActiveCfg = Release|Any CPU
		{F493D424-76DB-4038-8C9E-B6A0886335DC}.Release|x86.Build.0 = Release|Any CPU
		{B3ED1757-EF6D-49FD-BFAA-AD70FC7ED8AE}.Debug|Any CPU.ActiveCfg = Debug|Any CPU
		{B3ED1757-EF6D-49FD-BFAA-AD70FC7ED8AE}.Debug|Any CPU.Build.0 = Debug|Any CPU
		{B3ED1757-EF6D-49FD-BFAA-AD70FC7ED8AE}.Debug|x64.ActiveCfg = Debug|Any CPU
		{B3ED1757-EF6D-49FD-BFAA-AD70FC7ED8AE}.Debug|x64.Build.0 = Debug|Any CPU
		{B3ED1757-EF6D-49FD-BFAA-AD70FC7ED8AE}.Debug|x86.ActiveCfg = Debug|Any CPU
		{B3ED1757-EF6D-49FD-BFAA-AD70FC7ED8AE}.Debug|x86.Build.0 = Debug|Any CPU
		{B3ED1757-EF6D-49FD-BFAA-AD70FC7ED8AE}.Release|Any CPU.ActiveCfg = Release|Any CPU
		{B3ED1757-EF6D-49FD-BFAA-AD70FC7ED8AE}.Release|Any CPU.Build.0 = Release|Any CPU
		{B3ED1757-EF6D-49FD-BFAA-AD70FC7ED8AE}.Release|x64.ActiveCfg = Release|Any CPU
		{B3ED1757-EF6D-49FD-BFAA-AD70FC7ED8AE}.Release|x64.Build.0 = Release|Any CPU
		{B3ED1757-EF6D-49FD-BFAA-AD70FC7ED8AE}.Release|x86.ActiveCfg = Release|Any CPU
		{B3ED1757-EF6D-49FD-BFAA-AD70FC7ED8AE}.Release|x86.Build.0 = Release|Any CPU
		{A0B4E608-38EE-417C-AD30-08B8CE42B65B}.Debug|Any CPU.ActiveCfg = Debug|Any CPU
		{A0B4E608-38EE-417C-AD30-08B8CE42B65B}.Debug|Any CPU.Build.0 = Debug|Any CPU
		{A0B4E608-38EE-417C-AD30-08B8CE42B65B}.Debug|x64.ActiveCfg = Debug|Any CPU
		{A0B4E608-38EE-417C-AD30-08B8CE42B65B}.Debug|x64.Build.0 = Debug|Any CPU
		{A0B4E608-38EE-417C-AD30-08B8CE42B65B}.Debug|x86.ActiveCfg = Debug|Any CPU
		{A0B4E608-38EE-417C-AD30-08B8CE42B65B}.Debug|x86.Build.0 = Debug|Any CPU
		{A0B4E608-38EE-417C-AD30-08B8CE42B65B}.Release|Any CPU.ActiveCfg = Release|Any CPU
		{A0B4E608-38EE-417C-AD30-08B8CE42B65B}.Release|Any CPU.Build.0 = Release|Any CPU
		{A0B4E608-38EE-417C-AD30-08B8CE42B65B}.Release|x64.ActiveCfg = Release|Any CPU
		{A0B4E608-38EE-417C-AD30-08B8CE42B65B}.Release|x64.Build.0 = Release|Any CPU
		{A0B4E608-38EE-417C-AD30-08B8CE42B65B}.Release|x86.ActiveCfg = Release|Any CPU
		{A0B4E608-38EE-417C-AD30-08B8CE42B65B}.Release|x86.Build.0 = Release|Any CPU
		{867E172C-1ABD-47D0-AE0E-8FF0AEA69A4D}.Debug|Any CPU.ActiveCfg = Debug|Any CPU
		{867E172C-1ABD-47D0-AE0E-8FF0AEA69A4D}.Debug|Any CPU.Build.0 = Debug|Any CPU
		{867E172C-1ABD-47D0-AE0E-8FF0AEA69A4D}.Debug|x64.ActiveCfg = Debug|Any CPU
		{867E172C-1ABD-47D0-AE0E-8FF0AEA69A4D}.Debug|x64.Build.0 = Debug|Any CPU
		{867E172C-1ABD-47D0-AE0E-8FF0AEA69A4D}.Debug|x86.ActiveCfg = Debug|Any CPU
		{867E172C-1ABD-47D0-AE0E-8FF0AEA69A4D}.Debug|x86.Build.0 = Debug|Any CPU
		{867E172C-1ABD-47D0-AE0E-8FF0AEA69A4D}.Release|Any CPU.ActiveCfg = Release|Any CPU
		{867E172C-1ABD-47D0-AE0E-8FF0AEA69A4D}.Release|Any CPU.Build.0 = Release|Any CPU
		{867E172C-1ABD-47D0-AE0E-8FF0AEA69A4D}.Release|x64.ActiveCfg = Release|Any CPU
		{867E172C-1ABD-47D0-AE0E-8FF0AEA69A4D}.Release|x64.Build.0 = Release|Any CPU
		{867E172C-1ABD-47D0-AE0E-8FF0AEA69A4D}.Release|x86.ActiveCfg = Release|Any CPU
		{867E172C-1ABD-47D0-AE0E-8FF0AEA69A4D}.Release|x86.Build.0 = Release|Any CPU
		{8D58F6F9-77FA-44F4-B3DF-CF171F742DBC}.Debug|Any CPU.ActiveCfg = Debug|Any CPU
		{8D58F6F9-77FA-44F4-B3DF-CF171F742DBC}.Debug|Any CPU.Build.0 = Debug|Any CPU
		{8D58F6F9-77FA-44F4-B3DF-CF171F742DBC}.Debug|x64.ActiveCfg = Debug|Any CPU
		{8D58F6F9-77FA-44F4-B3DF-CF171F742DBC}.Debug|x64.Build.0 = Debug|Any CPU
		{8D58F6F9-77FA-44F4-B3DF-CF171F742DBC}.Debug|x86.ActiveCfg = Debug|Any CPU
		{8D58F6F9-77FA-44F4-B3DF-CF171F742DBC}.Debug|x86.Build.0 = Debug|Any CPU
		{8D58F6F9-77FA-44F4-B3DF-CF171F742DBC}.Release|Any CPU.ActiveCfg = Release|Any CPU
		{8D58F6F9-77FA-44F4-B3DF-CF171F742DBC}.Release|Any CPU.Build.0 = Release|Any CPU
		{8D58F6F9-77FA-44F4-B3DF-CF171F742DBC}.Release|x64.ActiveCfg = Release|Any CPU
		{8D58F6F9-77FA-44F4-B3DF-CF171F742DBC}.Release|x64.Build.0 = Release|Any CPU
		{8D58F6F9-77FA-44F4-B3DF-CF171F742DBC}.Release|x86.ActiveCfg = Release|Any CPU
		{8D58F6F9-77FA-44F4-B3DF-CF171F742DBC}.Release|x86.Build.0 = Release|Any CPU
	EndGlobalSection
	GlobalSection(SolutionProperties) = preSolution
		HideSolutionNode = FALSE
	EndGlobalSection
	GlobalSection(NestedProjects) = preSolution
		{9BDE33A7-049C-4A2D-9B8F-7C23B1E48A37} = {37A29C2B-C3E2-48FC-B5E4-41380598157C}
		{F493D424-76DB-4038-8C9E-B6A0886335DC} = {37A29C2B-C3E2-48FC-B5E4-41380598157C}
		{B3ED1757-EF6D-49FD-BFAA-AD70FC7ED8AE} = {37A29C2B-C3E2-48FC-B5E4-41380598157C}
		{A0B4E608-38EE-417C-AD30-08B8CE42B65B} = {37A29C2B-C3E2-48FC-B5E4-41380598157C}
		{867E172C-1ABD-47D0-AE0E-8FF0AEA69A4D} = {37A29C2B-C3E2-48FC-B5E4-41380598157C}
		{8D58F6F9-77FA-44F4-B3DF-CF171F742DBC} = {37A29C2B-C3E2-48FC-B5E4-41380598157C}
	EndGlobalSection
	GlobalSection(ExtensibilityGlobals) = postSolution
		SolutionGuid = {7B7F2D6D-E3AE-4DF4-83F6-CD53C5A6B41E}
	EndGlobalSection
EndGlobal
